// !$*UTF8*$!
{
	archiveVersion = 1;
	classes = {
	};
	objectVersion = 56;
	objects = {

/* Begin PBXBuildFile section */
		9F9233192B2B461200A51D81 /* AppDelegate.swift in Sources */ = {isa = PBXBuildFile; fileRef = 9F9233182B2B461200A51D81 /* AppDelegate.swift */; };
		9F92331B2B2B461200A51D81 /* SceneDelegate.swift in Sources */ = {isa = PBXBuildFile; fileRef = 9F92331A2B2B461200A51D81 /* SceneDelegate.swift */; };
		9F92331D2B2B461200A51D81 /* ViewController.swift in Sources */ = {isa = PBXBuildFile; fileRef = 9F92331C2B2B461200A51D81 /* ViewController.swift */; };
		9F9233202B2B461200A51D81 /* Main.storyboard in Resources */ = {isa = PBXBuildFile; fileRef = 9F92331E2B2B461200A51D81 /* Main.storyboard */; };
		9F9233222B2B461300A51D81 /* Assets.xcassets in Resources */ = {isa = PBXBuildFile; fileRef = 9F9233212B2B461300A51D81 /* Assets.xcassets */; };
		9F9233252B2B461300A51D81 /* LaunchScreen.storyboard in Resources */ = {isa = PBXBuildFile; fileRef = 9F9233232B2B461300A51D81 /* LaunchScreen.storyboard */; };
		9F9233302B2B461300A51D81 /* OC_CPPTests.swift in Sources */ = {isa = PBXBuildFile; fileRef = 9F92332F2B2B461300A51D81 /* OC_CPPTests.swift */; };
		9F92333A2B2B461300A51D81 /* OC_CPPUITests.swift in Sources */ = {isa = PBXBuildFile; fileRef = 9F9233392B2B461300A51D81 /* OC_CPPUITests.swift */; };
		9F92333C2B2B461300A51D81 /* OC_CPPUITestsLaunchTests.swift in Sources */ = {isa = PBXBuildFile; fileRef = 9F92333B2B2B461300A51D81 /* OC_CPPUITestsLaunchTests.swift */; };
		9F92334B2B2B466600A51D81 /* OCFile.mm in Sources */ = {isa = PBXBuildFile; fileRef = 9F92334A2B2B466600A51D81 /* OCFile.mm */; };
		9F92334E2B2B468A00A51D81 /* CppFile.cpp in Sources */ = {isa = PBXBuildFile; fileRef = 9F92334C2B2B468A00A51D81 /* CppFile.cpp */; };
		9F9233522B2B517600A51D81 /* TestFile.mm in Sources */ = {isa = PBXBuildFile; fileRef = 9F9233512B2B517600A51D81 /* TestFile.mm */; };
/* End PBXBuildFile section */

/* Begin PBXContainerItemProxy section */
		9F92332C2B2B461300A51D81 /* PBXContainerItemProxy */ = {
			isa = PBXContainerItemProxy;
			containerPortal = 9F92330D2B2B461200A51D81 /* Project object */;
			proxyType = 1;
			remoteGlobalIDString = 9F9233142B2B461200A51D81;
			remoteInfo = "OC+CPP";
		};
		9F9233362B2B461300A51D81 /* PBXContainerItemProxy */ = {
			isa = PBXContainerItemProxy;
			containerPortal = 9F92330D2B2B461200A51D81 /* Project object */;
			proxyType = 1;
			remoteGlobalIDString = 9F9233142B2B461200A51D81;
			remoteInfo = "OC+CPP";
		};
/* End PBXContainerItemProxy section */

/* Begin PBXFileReference section */
		9F9233152B2B461200A51D81 /* OC+CPP.app */ = {isa = PBXFileReference; explicitFileType = wrapper.application; includeInIndex = 0; path = "OC+CPP.app"; sourceTree = BUILT_PRODUCTS_DIR; };
		9F9233182B2B461200A51D81 /* AppDelegate.swift */ = {isa = PBXFileReference; lastKnownFileType = sourcecode.swift; path = AppDelegate.swift; sourceTree = "<group>"; };
		9F92331A2B2B461200A51D81 /* SceneDelegate.swift */ = {isa = PBXFileReference; lastKnownFileType = sourcecode.swift; path = SceneDelegate.swift; sourceTree = "<group>"; };
		9F92331C2B2B461200A51D81 /* ViewController.swift */ = {isa = PBXFileReference; lastKnownFileType = sourcecode.swift; path = ViewController.swift; sourceTree = "<group>"; };
		9F92331F2B2B461200A51D81 /* Base */ = {isa = PBXFileReference; lastKnownFileType = file.storyboard; name = Base; path = Base.lproj/Main.storyboard; sourceTree = "<group>"; };
		9F9233212B2B461300A51D81 /* Assets.xcassets */ = {isa = PBXFileReference; lastKnownFileType = folder.assetcatalog; path = Assets.xcassets; sourceTree = "<group>"; };
		9F9233242B2B461300A51D81 /* Base */ = {isa = PBXFileReference; lastKnownFileType = file.storyboard; name = Base; path = Base.lproj/LaunchScreen.storyboard; sourceTree = "<group>"; };
		9F9233262B2B461300A51D81 /* Info.plist */ = {isa = PBXFileReference; lastKnownFileType = text.plist.xml; path = Info.plist; sourceTree = "<group>"; };
		9F92332B2B2B461300A51D81 /* OC+CPPTests.xctest */ = {isa = PBXFileReference; explicitFileType = wrapper.cfbundle; includeInIndex = 0; path = "OC+CPPTests.xctest"; sourceTree = BUILT_PRODUCTS_DIR; };
		9F92332F2B2B461300A51D81 /* OC_CPPTests.swift */ = {isa = PBXFileReference; lastKnownFileType = sourcecode.swift; path = OC_CPPTests.swift; sourceTree = "<group>"; };
		9F9233352B2B461300A51D81 /* OC+CPPUITests.xctest */ = {isa = PBXFileReference; explicitFileType = wrapper.cfbundle; includeInIndex = 0; path = "OC+CPPUITests.xctest"; sourceTree = BUILT_PRODUCTS_DIR; };
		9F9233392B2B461300A51D81 /* OC_CPPUITests.swift */ = {isa = PBXFileReference; lastKnownFileType = sourcecode.swift; path = OC_CPPUITests.swift; sourceTree = "<group>"; };
		9F92333B2B2B461300A51D81 /* OC_CPPUITestsLaunchTests.swift */ = {isa = PBXFileReference; lastKnownFileType = sourcecode.swift; path = OC_CPPUITestsLaunchTests.swift; sourceTree = "<group>"; };
		9F9233482B2B466500A51D81 /* OC+CPP-Bridging-Header.h */ = {isa = PBXFileReference; lastKnownFileType = sourcecode.c.h; path = "OC+CPP-Bridging-Header.h"; sourceTree = "<group>"; };
		9F9233492B2B466600A51D81 /* OCFile.h */ = {isa = PBXFileReference; lastKnownFileType = sourcecode.c.h; path = OCFile.h; sourceTree = "<group>"; };
		9F92334A2B2B466600A51D81 /* OCFile.mm */ = {isa = PBXFileReference; lastKnownFileType = sourcecode.cpp.objcpp; path = OCFile.mm; sourceTree = "<group>"; };
		9F92334C2B2B468A00A51D81 /* CppFile.cpp */ = {isa = PBXFileReference; lastKnownFileType = sourcecode.cpp.cpp; path = CppFile.cpp; sourceTree = "<group>"; };
		9F92334D2B2B468A00A51D81 /* CppFile.hpp */ = {isa = PBXFileReference; lastKnownFileType = sourcecode.cpp.h; path = CppFile.hpp; sourceTree = "<group>"; };
		9F92334F2B2B4C3800A51D81 /* FuncDefines.h */ = {isa = PBXFileReference; lastKnownFileType = sourcecode.c.h; path = FuncDefines.h; sourceTree = "<group>"; };
		9F9233502B2B517600A51D81 /* TestFile.h */ = {isa = PBXFileReference; lastKnownFileType = sourcecode.c.h; path = TestFile.h; sourceTree = "<group>"; };
		9F9233512B2B517600A51D81 /* TestFile.mm */ = {isa = PBXFileReference; lastKnownFileType = sourcecode.cpp.objcpp; path = TestFile.mm; sourceTree = "<group>"; };
/* End PBXFileReference section */

/* Begin PBXFrameworksBuildPhase section */
		9F9233122B2B461200A51D81 /* Frameworks */ = {
			isa = PBXFrameworksBuildPhase;
			buildActionMask = 2147483647;
			files = (
			);
			runOnlyForDeploymentPostprocessing = 0;
		};
		9F9233282B2B461300A51D81 /* Frameworks */ = {
			isa = PBXFrameworksBuildPhase;
			buildActionMask = 2147483647;
			files = (
			);
			runOnlyForDeploymentPostprocessing = 0;
		};
		9F9233322B2B461300A51D81 /* Frameworks */ = {
			isa = PBXFrameworksBuildPhase;
			buildActionMask = 2147483647;
			files = (
			);
			runOnlyForDeploymentPostprocessing = 0;
		};
/* End PBXFrameworksBuildPhase section */

/* Begin PBXGroup section */
		9F92330C2B2B461200A51D81 = {
			isa = PBXGroup;
			children = (
				9F9233172B2B461200A51D81 /* OC+CPP */,
				9F92332E2B2B461300A51D81 /* OC+CPPTests */,
				9F9233382B2B461300A51D81 /* OC+CPPUITests */,
				9F9233162B2B461200A51D81 /* Products */,
			);
			sourceTree = "<group>";
		};
		9F9233162B2B461200A51D81 /* Products */ = {
			isa = PBXGroup;
			children = (
				9F9233152B2B461200A51D81 /* OC+CPP.app */,
				9F92332B2B2B461300A51D81 /* OC+CPPTests.xctest */,
				9F9233352B2B461300A51D81 /* OC+CPPUITests.xctest */,
			);
			name = Products;
			sourceTree = "<group>";
		};
		9F9233172B2B461200A51D81 /* OC+CPP */ = {
			isa = PBXGroup;
			children = (
				9F9233182B2B461200A51D81 /* AppDelegate.swift */,
				9F92331A2B2B461200A51D81 /* SceneDelegate.swift */,
				9F92331C2B2B461200A51D81 /* ViewController.swift */,
				9F9233502B2B517600A51D81 /* TestFile.h */,
				9F9233512B2B517600A51D81 /* TestFile.mm */,
				9F9233492B2B466600A51D81 /* OCFile.h */,
				9F92334A2B2B466600A51D81 /* OCFile.mm */,
				9F92334D2B2B468A00A51D81 /* CppFile.hpp */,
				9F92334C2B2B468A00A51D81 /* CppFile.cpp */,
				9F92334F2B2B4C3800A51D81 /* FuncDefines.h */,
				9F92331E2B2B461200A51D81 /* Main.storyboard */,
				9F9233212B2B461300A51D81 /* Assets.xcassets */,
				9F9233232B2B461300A51D81 /* LaunchScreen.storyboard */,
				9F9233262B2B461300A51D81 /* Info.plist */,
				9F9233482B2B466500A51D81 /* OC+CPP-Bridging-Header.h */,
			);
			path = "OC+CPP";
			sourceTree = "<group>";
		};
		9F92332E2B2B461300A51D81 /* OC+CPPTests */ = {
			isa = PBXGroup;
			children = (
				9F92332F2B2B461300A51D81 /* OC_CPPTests.swift */,
			);
			path = "OC+CPPTests";
			sourceTree = "<group>";
		};
		9F9233382B2B461300A51D81 /* OC+CPPUITests */ = {
			isa = PBXGroup;
			children = (
				9F9233392B2B461300A51D81 /* OC_CPPUITests.swift */,
				9F92333B2B2B461300A51D81 /* OC_CPPUITestsLaunchTests.swift */,
			);
			path = "OC+CPPUITests";
			sourceTree = "<group>";
		};
/* End PBXGroup section */

/* Begin PBXNativeTarget section */
		9F9233142B2B461200A51D81 /* OC+CPP */ = {
			isa = PBXNativeTarget;
			buildConfigurationList = 9F92333F2B2B461300A51D81 /* Build configuration list for PBXNativeTarget "OC+CPP" */;
			buildPhases = (
				9F9233112B2B461200A51D81 /* Sources */,
				9F9233122B2B461200A51D81 /* Frameworks */,
				9F9233132B2B461200A51D81 /* Resources */,
			);
			buildRules = (
			);
			dependencies = (
			);
			name = "OC+CPP";
			productName = "OC+CPP";
			productReference = 9F9233152B2B461200A51D81 /* OC+CPP.app */;
			productType = "com.apple.product-type.application";
		};
		9F92332A2B2B461300A51D81 /* OC+CPPTests */ = {
			isa = PBXNativeTarget;
			buildConfigurationList = 9F9233422B2B461300A51D81 /* Build configuration list for PBXNativeTarget "OC+CPPTests" */;
			buildPhases = (
				9F9233272B2B461300A51D81 /* Sources */,
				9F9233282B2B461300A51D81 /* Frameworks */,
				9F9233292B2B461300A51D81 /* Resources */,
			);
			buildRules = (
			);
			dependencies = (
				9F92332D2B2B461300A51D81 /* PBXTargetDependency */,
			);
			name = "OC+CPPTests";
			productName = "OC+CPPTests";
			productReference = 9F92332B2B2B461300A51D81 /* OC+CPPTests.xctest */;
			productType = "com.apple.product-type.bundle.unit-test";
		};
		9F9233342B2B461300A51D81 /* OC+CPPUITests */ = {
			isa = PBXNativeTarget;
			buildConfigurationList = 9F9233452B2B461300A51D81 /* Build configuration list for PBXNativeTarget "OC+CPPUITests" */;
			buildPhases = (
				9F9233312B2B461300A51D81 /* Sources */,
				9F9233322B2B461300A51D81 /* Frameworks */,
				9F9233332B2B461300A51D81 /* Resources */,
			);
			buildRules = (
			);
			dependencies = (
				9F9233372B2B461300A51D81 /* PBXTargetDependency */,
			);
			name = "OC+CPPUITests";
			productName = "OC+CPPUITests";
			productReference = 9F9233352B2B461300A51D81 /* OC+CPPUITests.xctest */;
			productType = "com.apple.product-type.bundle.ui-testing";
		};
/* End PBXNativeTarget section */

/* Begin PBXProject section */
		9F92330D2B2B461200A51D81 /* Project object */ = {
			isa = PBXProject;
			attributes = {
				BuildIndependentTargetsInParallel = 1;
				LastSwiftUpdateCheck = 1500;
				LastUpgradeCheck = 1500;
				TargetAttributes = {
					9F9233142B2B461200A51D81 = {
						CreatedOnToolsVersion = 15.0;
						LastSwiftMigration = 1500;
					};
					9F92332A2B2B461300A51D81 = {
						CreatedOnToolsVersion = 15.0;
						TestTargetID = 9F9233142B2B461200A51D81;
					};
					9F9233342B2B461300A51D81 = {
						CreatedOnToolsVersion = 15.0;
						TestTargetID = 9F9233142B2B461200A51D81;
					};
				};
			};
			buildConfigurationList = 9F9233102B2B461200A51D81 /* Build configuration list for PBXProject "OC+CPP" */;
			compatibilityVersion = "Xcode 14.0";
			developmentRegion = en;
			hasScannedForEncodings = 0;
			knownRegions = (
				en,
				Base,
			);
			mainGroup = 9F92330C2B2B461200A51D81;
			productRefGroup = 9F9233162B2B461200A51D81 /* Products */;
			projectDirPath = "";
			projectRoot = "";
			targets = (
				9F9233142B2B461200A51D81 /* OC+CPP */,
				9F92332A2B2B461300A51D81 /* OC+CPPTests */,
				9F9233342B2B461300A51D81 /* OC+CPPUITests */,
			);
		};
/* End PBXProject section */

/* Begin PBXResourcesBuildPhase section */
		9F9233132B2B461200A51D81 /* Resources */ = {
			isa = PBXResourcesBuildPhase;
			buildActionMask = 2147483647;
			files = (
				9F9233252B2B461300A51D81 /* LaunchScreen.storyboard in Resources */,
				9F9233222B2B461300A51D81 /* Assets.xcassets in Resources */,
				9F9233202B2B461200A51D81 /* Main.storyboard in Resources */,
			);
			runOnlyForDeploymentPostprocessing = 0;
		};
		9F9233292B2B461300A51D81 /* Resources */ = {
			isa = PBXResourcesBuildPhase;
			buildActionMask = 2147483647;
			files = (
			);
			runOnlyForDeploymentPostprocessing = 0;
		};
		9F9233332B2B461300A51D81 /* Resources */ = {
			isa = PBXResourcesBuildPhase;
			buildActionMask = 2147483647;
			files = (
			);
			runOnlyForDeploymentPostprocessing = 0;
		};
/* End PBXResourcesBuildPhase section */

/* Begin PBXSourcesBuildPhase section */
		9F9233112B2B461200A51D81 /* Sources */ = {
			isa = PBXSourcesBuildPhase;
			buildActionMask = 2147483647;
			files = (
				9F92334E2B2B468A00A51D81 /* CppFile.cpp in Sources */,
				9F9233522B2B517600A51D81 /* TestFile.mm in Sources */,
				9F92331D2B2B461200A51D81 /* ViewController.swift in Sources */,
				9F92334B2B2B466600A51D81 /* OCFile.mm in Sources */,
				9F9233192B2B461200A51D81 /* AppDelegate.swift in Sources */,
				9F92331B2B2B461200A51D81 /* SceneDelegate.swift in Sources */,
			);
			runOnlyForDeploymentPostprocessing = 0;
		};
		9F9233272B2B461300A51D81 /* Sources */ = {
			isa = PBXSourcesBuildPhase;
			buildActionMask = 2147483647;
			files = (
				9F9233302B2B461300A51D81 /* OC_CPPTests.swift in Sources */,
			);
			runOnlyForDeploymentPostprocessing = 0;
		};
		9F9233312B2B461300A51D81 /* Sources */ = {
			isa = PBXSourcesBuildPhase;
			buildActionMask = 2147483647;
			files = (
				9F92333C2B2B461300A51D81 /* OC_CPPUITestsLaunchTests.swift in Sources */,
				9F92333A2B2B461300A51D81 /* OC_CPPUITests.swift in Sources */,
			);
			runOnlyForDeploymentPostprocessing = 0;
		};
/* End PBXSourcesBuildPhase section */

/* Begin PBXTargetDependency section */
		9F92332D2B2B461300A51D81 /* PBXTargetDependency */ = {
			isa = PBXTargetDependency;
			target = 9F9233142B2B461200A51D81 /* OC+CPP */;
			targetProxy = 9F92332C2B2B461300A51D81 /* PBXContainerItemProxy */;
		};
		9F9233372B2B461300A51D81 /* PBXTargetDependency */ = {
			isa = PBXTargetDependency;
			target = 9F9233142B2B461200A51D81 /* OC+CPP */;
			targetProxy = 9F9233362B2B461300A51D81 /* PBXContainerItemProxy */;
		};
/* End PBXTargetDependency section */

/* Begin PBXVariantGroup section */
		9F92331E2B2B461200A51D81 /* Main.storyboard */ = {
			isa = PBXVariantGroup;
			children = (
				9F92331F2B2B461200A51D81 /* Base */,
			);
			name = Main.storyboard;
			sourceTree = "<group>";
		};
		9F9233232B2B461300A51D81 /* LaunchScreen.storyboard */ = {
			isa = PBXVariantGroup;
			children = (
				9F9233242B2B461300A51D81 /* Base */,
			);
			name = LaunchScreen.storyboard;
			sourceTree = "<group>";
		};
/* End PBXVariantGroup section */

/* Begin XCBuildConfiguration section */
		9F92333D2B2B461300A51D81 /* Debug */ = {
			isa = XCBuildConfiguration;
			buildSettings = {
				ALWAYS_SEARCH_USER_PATHS = NO;
				ASSETCATALOG_COMPILER_GENERATE_SWIFT_ASSET_SYMBOL_EXTENSIONS = YES;
				CLANG_ANALYZER_NONNULL = YES;
				CLANG_ANALYZER_NUMBER_OBJECT_CONVERSION = YES_AGGRESSIVE;
				CLANG_CXX_LANGUAGE_STANDARD = "gnu++20";
				CLANG_ENABLE_MODULES = YES;
				CLANG_ENABLE_OBJC_ARC = YES;
				CLANG_ENABLE_OBJC_WEAK = YES;
				CLANG_WARN_BLOCK_CAPTURE_AUTORELEASING = YES;
				CLANG_WARN_BOOL_CONVERSION = YES;
				CLANG_WARN_COMMA = YES;
				CLANG_WARN_CONSTANT_CONVERSION = YES;
				CLANG_WARN_DEPRECATED_OBJC_IMPLEMENTATIONS = YES;
				CLANG_WARN_DIRECT_OBJC_ISA_USAGE = YES_ERROR;
				CLANG_WARN_DOCUMENTATION_COMMENTS = YES;
				CLANG_WARN_EMPTY_BODY = YES;
				CLANG_WARN_ENUM_CONVERSION = YES;
				CLANG_WARN_INFINITE_RECURSION = YES;
				CLANG_WARN_INT_CONVERSION = YES;
				CLANG_WARN_NON_LITERAL_NULL_CONVERSION = YES;
				CLANG_WARN_OBJC_IMPLICIT_RETAIN_SELF = YES;
				CLANG_WARN_OBJC_LITERAL_CONVERSION = YES;
				CLANG_WARN_OBJC_ROOT_CLASS = YES_ERROR;
				CLANG_WARN_QUOTED_INCLUDE_IN_FRAMEWORK_HEADER = YES;
				CLANG_WARN_RANGE_LOOP_ANALYSIS = YES;
				CLANG_WARN_STRICT_PROTOTYPES = YES;
				CLANG_WARN_SUSPICIOUS_MOVE = YES;
				CLANG_WARN_UNGUARDED_AVAILABILITY = YES_AGGRESSIVE;
				CLANG_WARN_UNREACHABLE_CODE = YES;
				CLANG_WARN__DUPLICATE_METHOD_MATCH = YES;
				COPY_PHASE_STRIP = NO;
				DEBUG_INFORMATION_FORMAT = dwarf;
				ENABLE_STRICT_OBJC_MSGSEND = YES;
				ENABLE_TESTABILITY = YES;
				ENABLE_USER_SCRIPT_SANDBOXING = YES;
				GCC_C_LANGUAGE_STANDARD = gnu17;
				GCC_DYNAMIC_NO_PIC = NO;
				GCC_NO_COMMON_BLOCKS = YES;
				GCC_OPTIMIZATION_LEVEL = 0;
				GCC_PREPROCESSOR_DEFINITIONS = (
					"DEBUG=1",
					"$(inherited)",
				);
				GCC_WARN_64_TO_32_BIT_CONVERSION = YES;
				GCC_WARN_ABOUT_RETURN_TYPE = YES_ERROR;
				GCC_WARN_UNDECLARED_SELECTOR = YES;
				GCC_WARN_UNINITIALIZED_AUTOS = YES_AGGRESSIVE;
				GCC_WARN_UNUSED_FUNCTION = YES;
				GCC_WARN_UNUSED_VARIABLE = YES;
				IPHONEOS_DEPLOYMENT_TARGET = 17.0;
				LOCALIZATION_PREFERS_STRING_CATALOGS = YES;
				MTL_ENABLE_DEBUG_INFO = INCLUDE_SOURCE;
				MTL_FAST_MATH = YES;
				ONLY_ACTIVE_ARCH = YES;
				SDKROOT = iphoneos;
				SWIFT_ACTIVE_COMPILATION_CONDITIONS = "DEBUG $(inherited)";
				SWIFT_OPTIMIZATION_LEVEL = "-Onone";
			};
			name = Debug;
		};
		9F92333E2B2B461300A51D81 /* Release */ = {
			isa = XCBuildConfiguration;
			buildSettings = {
				ALWAYS_SEARCH_USER_PATHS = NO;
				ASSETCATALOG_COMPILER_GENERATE_SWIFT_ASSET_SYMBOL_EXTENSIONS = YES;
				CLANG_ANALYZER_NONNULL = YES;
				CLANG_ANALYZER_NUMBER_OBJECT_CONVERSION = YES_AGGRESSIVE;
				CLANG_CXX_LANGUAGE_STANDARD = "gnu++20";
				CLANG_ENABLE_MODULES = YES;
				CLANG_ENABLE_OBJC_ARC = YES;
				CLANG_ENABLE_OBJC_WEAK = YES;
				CLANG_WARN_BLOCK_CAPTURE_AUTORELEASING = YES;
				CLANG_WARN_BOOL_CONVERSION = YES;
				CLANG_WARN_COMMA = YES;
				CLANG_WARN_CONSTANT_CONVERSION = YES;
				CLANG_WARN_DEPRECATED_OBJC_IMPLEMENTATIONS = YES;
				CLANG_WARN_DIRECT_OBJC_ISA_USAGE = YES_ERROR;
				CLANG_WARN_DOCUMENTATION_COMMENTS = YES;
				CLANG_WARN_EMPTY_BODY = YES;
				CLANG_WARN_ENUM_CONVERSION = YES;
				CLANG_WARN_INFINITE_RECURSION = YES;
				CLANG_WARN_INT_CONVERSION = YES;
				CLANG_WARN_NON_LITERAL_NULL_CONVERSION = YES;
				CLANG_WARN_OBJC_IMPLICIT_RETAIN_SELF = YES;
				CLANG_WARN_OBJC_LITERAL_CONVERSION = YES;
				CLANG_WARN_OBJC_ROOT_CLASS = YES_ERROR;
				CLANG_WARN_QUOTED_INCLUDE_IN_FRAMEWORK_HEADER = YES;
				CLANG_WARN_RANGE_LOOP_ANALYSIS = YES;
				CLANG_WARN_STRICT_PROTOTYPES = YES;
				CLANG_WARN_SUSPICIOUS_MOVE = YES;
				CLANG_WARN_UNGUARDED_AVAILABILITY = YES_AGGRESSIVE;
				CLANG_WARN_UNREACHABLE_CODE = YES;
				CLANG_WARN__DUPLICATE_METHOD_MATCH = YES;
				COPY_PHASE_STRIP = NO;
				DEBUG_INFORMATION_FORMAT = "dwarf-with-dsym";
				ENABLE_NS_ASSERTIONS = NO;
				ENABLE_STRICT_OBJC_MSGSEND = YES;
				ENABLE_USER_SCRIPT_SANDBOXING = YES;
				GCC_C_LANGUAGE_STANDARD = gnu17;
				GCC_NO_COMMON_BLOCKS = YES;
				GCC_WARN_64_TO_32_BIT_CONVERSION = YES;
				GCC_WARN_ABOUT_RETURN_TYPE = YES_ERROR;
				GCC_WARN_UNDECLARED_SELECTOR = YES;
				GCC_WARN_UNINITIALIZED_AUTOS = YES_AGGRESSIVE;
				GCC_WARN_UNUSED_FUNCTION = YES;
				GCC_WARN_UNUSED_VARIABLE = YES;
				IPHONEOS_DEPLOYMENT_TARGET = 17.0;
				LOCALIZATION_PREFERS_STRING_CATALOGS = YES;
				MTL_ENABLE_DEBUG_INFO = NO;
				MTL_FAST_MATH = YES;
				SDKROOT = iphoneos;
				SWIFT_COMPILATION_MODE = wholemodule;
				VALIDATE_PRODUCT = YES;
			};
			name = Release;
		};
		9F9233402B2B461300A51D81 /* Debug */ = {
			isa = XCBuildConfiguration;
			buildSettings = {
				ASSETCATALOG_COMPILER_APPICON_NAME = AppIcon;
				ASSETCATALOG_COMPILER_GLOBAL_ACCENT_COLOR_NAME = AccentColor;
				CLANG_ENABLE_MODULES = YES;
				CODE_SIGN_STYLE = Automatic;
				CURRENT_PROJECT_VERSION = 1;
				DEVELOPMENT_TEAM = 268X49LNSH;
				GENERATE_INFOPLIST_FILE = YES;
				INFOPLIST_FILE = "OC+CPP/Info.plist";
				INFOPLIST_KEY_UIApplicationSupportsIndirectInputEvents = YES;
				INFOPLIST_KEY_UILaunchStoryboardName = LaunchScreen;
				INFOPLIST_KEY_UIMainStoryboardFile = Main;
				INFOPLIST_KEY_UISupportedInterfaceOrientations_iPad = "UIInterfaceOrientationPortrait UIInterfaceOrientationPortraitUpsideDown UIInterfaceOrientationLandscapeLeft UIInterfaceOrientationLandscapeRight";
				INFOPLIST_KEY_UISupportedInterfaceOrientations_iPhone = "UIInterfaceOrientationPortrait UIInterfaceOrientationLandscapeLeft UIInterfaceOrientationLandscapeRight";
				LD_RUNPATH_SEARCH_PATHS = (
					"$(inherited)",
					"@executable_path/Frameworks",
				);
				MARKETING_VERSION = 1.0;
				PRODUCT_BUNDLE_IDENTIFIER = "com.zzr.OC-CPP";
				PRODUCT_NAME = "$(TARGET_NAME)";
				SWIFT_EMIT_LOC_STRINGS = YES;
				SWIFT_OBJC_BRIDGING_HEADER = "OC+CPP/OC+CPP-Bridging-Header.h";
				SWIFT_OPTIMIZATION_LEVEL = "-Onone";
				SWIFT_VERSION = 5.0;
				TARGETED_DEVICE_FAMILY = "1,2";
			};
			name = Debug;
		};
		9F9233412B2B461300A51D81 /* Release */ = {
			isa = XCBuildConfiguration;
			buildSettings = {
				ASSETCATALOG_COMPILER_APPICON_NAME = AppIcon;
				ASSETCATALOG_COMPILER_GLOBAL_ACCENT_COLOR_NAME = AccentColor;
				CLANG_ENABLE_MODULES = YES;
				CODE_SIGN_STYLE = Automatic;
				CURRENT_PROJECT_VERSION = 1;
				DEVELOPMENT_TEAM = 268X49LNSH;
				GENERATE_INFOPLIST_FILE = YES;
				INFOPLIST_FILE = "OC+CPP/Info.plist";
				INFOPLIST_KEY_UIApplicationSupportsIndirectInputEvents = YES;
				INFOPLIST_KEY_UILaunchStoryboardName = LaunchScreen;
				INFOPLIST_KEY_UIMainStoryboardFile = Main;
				INFOPLIST_KEY_UISupportedInterfaceOrientations_iPad = "UIInterfaceOrientationPortrait UIInterfaceOrientationPortraitUpsideDown UIInterfaceOrientationLandscapeLeft UIInterfaceOrientationLandscapeRight";
				INFOPLIST_KEY_UISupportedInterfaceOrientations_iPhone = "UIInterfaceOrientationPortrait UIInterfaceOrientationLandscapeLeft UIInterfaceOrientationLandscapeRight";
				LD_RUNPATH_SEARCH_PATHS = (
					"$(inherited)",
					"@executable_path/Frameworks",
				);
				MARKETING_VERSION = 1.0;
				PRODUCT_BUNDLE_IDENTIFIER = "com.zzr.OC-CPP";
				PRODUCT_NAME = "$(TARGET_NAME)";
				SWIFT_EMIT_LOC_STRINGS = YES;
				SWIFT_OBJC_BRIDGING_HEADER = "OC+CPP/OC+CPP-Bridging-Header.h";
				SWIFT_VERSION = 5.0;
				TARGETED_DEVICE_FAMILY = "1,2";
			};
			name = Release;
		};
		9F9233432B2B461300A51D81 /* Debug */ = {
			isa = XCBuildConfiguration;
			buildSettings = {
				ALWAYS_EMBED_SWIFT_STANDARD_LIBRARIES = YES;
				BUNDLE_LOADER = "$(TEST_HOST)";
				CODE_SIGN_STYLE = Automatic;
				CURRENT_PROJECT_VERSION = 1;
				DEVELOPMENT_TEAM = 268X49LNSH;
				GENERATE_INFOPLIST_FILE = YES;
				IPHONEOS_DEPLOYMENT_TARGET = 17.0;
				MARKETING_VERSION = 1.0;
				PRODUCT_BUNDLE_IDENTIFIER = "com.zzr.OC-CPPTests";
				PRODUCT_NAME = "$(TARGET_NAME)";
				SWIFT_EMIT_LOC_STRINGS = NO;
				SWIFT_VERSION = 5.0;
				TARGETED_DEVICE_FAMILY = "1,2";
				TEST_HOST = "$(BUILT_PRODUCTS_DIR)/OC+CPP.app/$(BUNDLE_EXECUTABLE_FOLDER_PATH)/OC+CPP";
			};
			name = Debug;
		};
		9F9233442B2B461300A51D81 /* Release */ = {
			isa = XCBuildConfiguration;
			buildSettings = {
				ALWAYS_EMBED_SWIFT_STANDARD_LIBRARIES = YES;
				BUNDLE_LOADER = "$(TEST_HOST)";
				CODE_SIGN_STYLE = Automatic;
				CURRENT_PROJECT_VERSION = 1;
				DEVELOPMENT_TEAM = 268X49LNSH;
				GENERATE_INFOPLIST_FILE = YES;
				IPHONEOS_DEPLOYMENT_TARGET = 17.0;
				MARKETING_VERSION = 1.0;
				PRODUCT_BUNDLE_IDENTIFIER = "com.zzr.OC-CPPTests";
				PRODUCT_NAME = "$(TARGET_NAME)";
				SWIFT_EMIT_LOC_STRINGS = NO;
				SWIFT_VERSION = 5.0;
				TARGETED_DEVICE_FAMILY = "1,2";
				TEST_HOST = "$(BUILT_PRODUCTS_DIR)/OC+CPP.app/$(BUNDLE_EXECUTABLE_FOLDER_PATH)/OC+CPP";
			};
			name = Release;
		};
		9F9233462B2B461300A51D81 /* Debug */ = {
			isa = XCBuildConfiguration;
			buildSettings = {
				ALWAYS_EMBED_SWIFT_STANDARD_LIBRARIES = YES;
				CODE_SIGN_STYLE = Automatic;
				CURRENT_PROJECT_VERSION = 1;
				DEVELOPMENT_TEAM = 268X49LNSH;
				GENERATE_INFOPLIST_FILE = YES;
				MARKETING_VERSION = 1.0;
				PRODUCT_BUNDLE_IDENTIFIER = "com.zzr.OC-CPPUITests";
				PRODUCT_NAME = "$(TARGET_NAME)";
				SWIFT_EMIT_LOC_STRINGS = NO;
				SWIFT_VERSION = 5.0;
				TARGETED_DEVICE_FAMILY = "1,2";
				TEST_TARGET_NAME = "OC+CPP";
			};
			name = Debug;
		};
		9F9233472B2B461300A51D81 /* Release */ = {
			isa = XCBuildConfiguration;
			buildSettings = {
				ALWAYS_EMBED_SWIFT_STANDARD_LIBRARIES = YES;
				CODE_SIGN_STYLE = Automatic;
				CURRENT_PROJECT_VERSION = 1;
				DEVELOPMENT_TEAM = 268X49LNSH;
				GENERATE_INFOPLIST_FILE = YES;
				MARKETING_VERSION = 1.0;
				PRODUCT_BUNDLE_IDENTIFIER = "com.zzr.OC-CPPUITests";
				PRODUCT_NAME = "$(TARGET_NAME)";
				SWIFT_EMIT_LOC_STRINGS = NO;
				SWIFT_VERSION = 5.0;
				TARGETED_DEVICE_FAMILY = "1,2";
				TEST_TARGET_NAME = "OC+CPP";
			};
			name = Release;
		};
/* End XCBuildConfiguration section */

/* Begin XCConfigurationList section */
		9F9233102B2B461200A51D81 /* Build configuration list for PBXProject "OC+CPP" */ = {
			isa = XCConfigurationList;
			buildConfigurations = (
				9F92333D2B2B461300A51D81 /* Debug */,
				9F92333E2B2B461300A51D81 /* Release */,
			);
			defaultConfigurationIsVisible = 0;
			defaultConfigurationName = Release;
		};
		9F92333F2B2B461300A51D81 /* Build configuration list for PBXNativeTarget "OC+CPP" */ = {
			isa = XCConfigurationList;
			buildConfigurations = (
				9F9233402B2B461300A51D81 /* Debug */,
				9F9233412B2B461300A51D81 /* Release */,
			);
			defaultConfigurationIsVisible = 0;
			defaultConfigurationName = Release;
		};
		9F9233422B2B461300A51D81 /* Build configuration list for PBXNativeTarget "OC+CPPTests" */ = {
			isa = XCConfigurationList;
			buildConfigurations = (
				9F9233432B2B461300A51D81 /* Debug */,
				9F9233442B2B461300A51D81 /* Release */,
			);
			defaultConfigurationIsVisible = 0;
			defaultConfigurationName = Release;
		};
		9F9233452B2B461300A51D81 /* Build configuration list for PBXNativeTarget "OC+CPPUITests" */ = {
			isa = XCConfigurationList;
			buildConfigurations = (
				9F9233462B2B461300A51D81 /* Debug */,
				9F9233472B2B461300A51D81 /* Release */,
			);
			defaultConfigurationIsVisible = 0;
			defaultConfigurationName = Release;
		};
/* End XCConfigurationList section */
	};
	rootObject = 9F92330D2B2B461200A51D81 /* Project object */;
}
